
Microsoft Visual Studio Solution File, Format Version 12.00
# Visual Studio Version 16
VisualStudioVersion = 16.0.31829.152
MinimumVisualStudioVersion = 10.0.40219.1
Project("{FAE04EC0-301F-11D3-BF4B-00C04F79EFBC}") = "Snake", "Snake\Snake.csproj", "{05EBC234-0E29-4D8D-BD71-5BFEAE69B0C3}"
EndProject
Global
	GlobalSection(SolutionConfigurationPlatforms) = preSolution
		Debug|Any CPU = Debug|Any CPU
		Release|Any CPU = Release|Any CPU
	EndGlobalSection
	GlobalSection(ProjectConfigurationPlatforms) = postSolution
		{05EBC234-0E29-4D8D-BD71-5BFEAE69B0C3}.Debug|Any CPU.ActiveCfg = Debug|Any CPU
		{05EBC234-0E29-4D8D-BD71-5BFEAE69B0C3}.Debug|Any CPU.Build.0 = Debug|Any CPU
		{05EBC234-0E29-4D8D-BD71-5BFEAE69B0C3}.Release|Any CPU.ActiveCfg = Release|Any CPU
		{05EBC234-0E29-4D8D-BD71-5BFEAE69B0C3}.Release|Any CPU.Build.0 = Release|Any CPU
	EndGlobalSection
	GlobalSection(SolutionProperties) = preSolution
		HideSolutionNode = FALSE
	EndGlobalSection
	GlobalSection(ExtensibilityGlobals) = postSolution
		SolutionGuid = {0F7C6B57-5399-48C7-A75E-E6EC9D4CA5A7}
	EndGlobalSection
EndGlobal
